
Microsoft Visual Studio Solution File, Format Version 11.00
# Visual Studio 2010
Project("{FAE04EC0-301F-11D3-BF4B-00C04F79EFBC}") = "Tank-Wars-Mac", "Mac Project\Tank-Wars-Mac.csproj", "{CBBE661F-8BF8-4E0C-BFCB-878F01F751C7}"
EndProject
Project("{FAE04EC0-301F-11D3-BF4B-00C04F79EFBC}") = "Lidgren.Network.MacOS", "Mac Project\Lidgren.Network\Lidgren.Network.MacOS.csproj", "{AE483C29-042E-4226-BA52-D247CE7676DA}"
EndProject
Project("{FAE04EC0-301F-11D3-BF4B-00C04F79EFBC}") = "MonoGame.Framework.MacOS", "Mac Project\MonoGame.Framework\MonoGame.Framework.MacOS.csproj", "{36C538E6-C32A-4A8D-A39C-566173D7118E}"
EndProject
Global
	GlobalSection(SolutionConfigurationPlatforms) = preSolution
		Debug|x86 = Debug|x86
		Release|x86 = Release|x86
		AppStore|x86 = AppStore|x86
		Distribution|Any CPU = Distribution|Any CPU
	EndGlobalSection
	GlobalSection(ProjectConfigurationPlatforms) = postSolution
		{36C538E6-C32A-4A8D-A39C-566173D7118E}.AppStore|x86.ActiveCfg = Debug|Any CPU
		{36C538E6-C32A-4A8D-A39C-566173D7118E}.AppStore|x86.Build.0 = Debug|Any CPU
		{36C538E6-C32A-4A8D-A39C-566173D7118E}.Debug|x86.ActiveCfg = Debug|Any CPU
		{36C538E6-C32A-4A8D-A39C-566173D7118E}.Debug|x86.Build.0 = Debug|Any CPU
		{36C538E6-C32A-4A8D-A39C-566173D7118E}.Distribution|Any CPU.ActiveCfg = Distribution|Any CPU
		{36C538E6-C32A-4A8D-A39C-566173D7118E}.Distribution|Any CPU.Build.0 = Distribution|Any CPU
		{36C538E6-C32A-4A8D-A39C-566173D7118E}.Release|x86.ActiveCfg = Release|Any CPU
		{36C538E6-C32A-4A8D-A39C-566173D7118E}.Release|x86.Build.0 = Release|Any CPU
		{AE483C29-042E-4226-BA52-D247CE7676DA}.AppStore|x86.ActiveCfg = Debug|Any CPU
		{AE483C29-042E-4226-BA52-D247CE7676DA}.AppStore|x86.Build.0 = Debug|Any CPU
		{AE483C29-042E-4226-BA52-D247CE7676DA}.Debug|x86.ActiveCfg = Debug|Any CPU
		{AE483C29-042E-4226-BA52-D247CE7676DA}.Debug|x86.Build.0 = Debug|Any CPU
		{AE483C29-042E-4226-BA52-D247CE7676DA}.Release|x86.ActiveCfg = Release|Any CPU
		{AE483C29-042E-4226-BA52-D247CE7676DA}.Release|x86.Build.0 = Release|Any CPU
		{CBBE661F-8BF8-4E0C-BFCB-878F01F751C7}.AppStore|x86.ActiveCfg = AppStore|x86
		{CBBE661F-8BF8-4E0C-BFCB-878F01F751C7}.AppStore|x86.Build.0 = AppStore|x86
		{CBBE661F-8BF8-4E0C-BFCB-878F01F751C7}.Debug|x86.ActiveCfg = Debug|x86
		{CBBE661F-8BF8-4E0C-BFCB-878F01F751C7}.Debug|x86.Build.0 = Debug|x86
		{CBBE661F-8BF8-4E0C-BFCB-878F01F751C7}.Release|x86.ActiveCfg = Release|x86
		{CBBE661F-8BF8-4E0C-BFCB-878F01F751C7}.Release|x86.Build.0 = Release|x86
	EndGlobalSection
	GlobalSection(MonoDevelopProperties) = preSolution
		StartupItem = Mac Project\Tank-Wars-Mac.csproj
	EndGlobalSection
EndGlobal
